
Microsoft Visual Studio Solution File, Format Version 12.00
# Visual Studio Version 17
VisualStudioVersion = 17.10.35122.118
MinimumVisualStudioVersion = 10.0.40219.1
Project("{FAE04EC0-301F-11D3-BF4B-00C04F79EFBC}") = "decisaologica04", "decisaologica04\decisaologica04.csproj", "{972C621B-A016-40B0-9436-7FAF73159DA2}"
EndProject
Global
	GlobalSection(SolutionConfigurationPlatforms) = preSolution
		Debug|Any CPU = Debug|Any CPU
		Release|Any CPU = Release|Any CPU
	EndGlobalSection
	GlobalSection(ProjectConfigurationPlatforms) = postSolution
		{972C621B-A016-40B0-9436-7FAF73159DA2}.Debug|Any CPU.ActiveCfg = Debug|Any CPU
		{972C621B-A016-40B0-9436-7FAF73159DA2}.Debug|Any CPU.Build.0 = Debug|Any CPU
		{972C621B-A016-40B0-9436-7FAF73159DA2}.Release|Any CPU.ActiveCfg = Release|Any CPU
		{972C621B-A016-40B0-9436-7FAF73159DA2}.Release|Any CPU.Build.0 = Release|Any CPU
	EndGlobalSection
	GlobalSection(SolutionProperties) = preSolution
		HideSolutionNode = FALSE
	EndGlobalSection
	GlobalSection(ExtensibilityGlobals) = postSolution
		SolutionGuid = {EF4F4A47-BEBB-4830-A2D4-7D4EC6B123F5}
	EndGlobalSection
EndGlobal
