
Microsoft Visual Studio Solution File, Format Version 12.00
# Visual Studio Version 17
VisualStudioVersion = 17.10.35122.118
MinimumVisualStudioVersion = 10.0.40219.1
Project("{FAE04EC0-301F-11D3-BF4B-00C04F79EFBC}") = "decisaologica03", "decisaologica03\decisaologica03.csproj", "{A208FBFF-5E70-414F-A609-4DF9E2553D11}"
EndProject
Global
	GlobalSection(SolutionConfigurationPlatforms) = preSolution
		Debug|Any CPU = Debug|Any CPU
		Release|Any CPU = Release|Any CPU
	EndGlobalSection
	GlobalSection(ProjectConfigurationPlatforms) = postSolution
		{A208FBFF-5E70-414F-A609-4DF9E2553D11}.Debug|Any CPU.ActiveCfg = Debug|Any CPU
		{A208FBFF-5E70-414F-A609-4DF9E2553D11}.Debug|Any CPU.Build.0 = Debug|Any CPU
		{A208FBFF-5E70-414F-A609-4DF9E2553D11}.Release|Any CPU.ActiveCfg = Release|Any CPU
		{A208FBFF-5E70-414F-A609-4DF9E2553D11}.Release|Any CPU.Build.0 = Release|Any CPU
	EndGlobalSection
	GlobalSection(SolutionProperties) = preSolution
		HideSolutionNode = FALSE
	EndGlobalSection
	GlobalSection(ExtensibilityGlobals) = postSolution
		SolutionGuid = {8FDD770B-989B-47F3-A457-209F7EDBCEC0}
	EndGlobalSection
EndGlobal
