
Microsoft Visual Studio Solution File, Format Version 12.00
# Visual Studio Version 17
VisualStudioVersion = 17.10.35122.118
MinimumVisualStudioVersion = 10.0.40219.1
Project("{FAE04EC0-301F-11D3-BF4B-00C04F79EFBC}") = "decisaologica02", "decisaologica02\decisaologica02.csproj", "{4826576B-89FB-4837-AAD6-1E610A264B15}"
EndProject
Global
	GlobalSection(SolutionConfigurationPlatforms) = preSolution
		Debug|Any CPU = Debug|Any CPU
		Release|Any CPU = Release|Any CPU
	EndGlobalSection
	GlobalSection(ProjectConfigurationPlatforms) = postSolution
		{4826576B-89FB-4837-AAD6-1E610A264B15}.Debug|Any CPU.ActiveCfg = Debug|Any CPU
		{4826576B-89FB-4837-AAD6-1E610A264B15}.Debug|Any CPU.Build.0 = Debug|Any CPU
		{4826576B-89FB-4837-AAD6-1E610A264B15}.Release|Any CPU.ActiveCfg = Release|Any CPU
		{4826576B-89FB-4837-AAD6-1E610A264B15}.Release|Any CPU.Build.0 = Release|Any CPU
	EndGlobalSection
	GlobalSection(SolutionProperties) = preSolution
		HideSolutionNode = FALSE
	EndGlobalSection
	GlobalSection(ExtensibilityGlobals) = postSolution
		SolutionGuid = {89E871B9-46DF-436A-AF68-1F97CA386EE2}
	EndGlobalSection
EndGlobal
