
Microsoft Visual Studio Solution File, Format Version 12.00
# Visual Studio Version 17
VisualStudioVersion = 17.10.35122.118
MinimumVisualStudioVersion = 10.0.40219.1
Project("{FAE04EC0-301F-11D3-BF4B-00C04F79EFBC}") = "decisaologica01", "decisaologica01\decisaologica01.csproj", "{213A4834-29CB-4E58-82C3-BC4EC9671DF4}"
EndProject
Global
	GlobalSection(SolutionConfigurationPlatforms) = preSolution
		Debug|Any CPU = Debug|Any CPU
		Release|Any CPU = Release|Any CPU
	EndGlobalSection
	GlobalSection(ProjectConfigurationPlatforms) = postSolution
		{213A4834-29CB-4E58-82C3-BC4EC9671DF4}.Debug|Any CPU.ActiveCfg = Debug|Any CPU
		{213A4834-29CB-4E58-82C3-BC4EC9671DF4}.Debug|Any CPU.Build.0 = Debug|Any CPU
		{213A4834-29CB-4E58-82C3-BC4EC9671DF4}.Release|Any CPU.ActiveCfg = Release|Any CPU
		{213A4834-29CB-4E58-82C3-BC4EC9671DF4}.Release|Any CPU.Build.0 = Release|Any CPU
	EndGlobalSection
	GlobalSection(SolutionProperties) = preSolution
		HideSolutionNode = FALSE
	EndGlobalSection
	GlobalSection(ExtensibilityGlobals) = postSolution
		SolutionGuid = {3CAFED4C-59ED-4839-B638-5790D4767187}
	EndGlobalSection
EndGlobal
