
Microsoft Visual Studio Solution File, Format Version 12.00
# Visual Studio Version 17
VisualStudioVersion = 17.10.35122.118
MinimumVisualStudioVersion = 10.0.40219.1
Project("{FAE04EC0-301F-11D3-BF4B-00C04F79EFBC}") = "decisaologica05", "decisaologica05\decisaologica05.csproj", "{B070270D-F0EE-4CFB-9167-79025632E01E}"
EndProject
Global
	GlobalSection(SolutionConfigurationPlatforms) = preSolution
		Debug|Any CPU = Debug|Any CPU
		Release|Any CPU = Release|Any CPU
	EndGlobalSection
	GlobalSection(ProjectConfigurationPlatforms) = postSolution
		{B070270D-F0EE-4CFB-9167-79025632E01E}.Debug|Any CPU.ActiveCfg = Debug|Any CPU
		{B070270D-F0EE-4CFB-9167-79025632E01E}.Debug|Any CPU.Build.0 = Debug|Any CPU
		{B070270D-F0EE-4CFB-9167-79025632E01E}.Release|Any CPU.ActiveCfg = Release|Any CPU
		{B070270D-F0EE-4CFB-9167-79025632E01E}.Release|Any CPU.Build.0 = Release|Any CPU
	EndGlobalSection
	GlobalSection(SolutionProperties) = preSolution
		HideSolutionNode = FALSE
	EndGlobalSection
	GlobalSection(ExtensibilityGlobals) = postSolution
		SolutionGuid = {1817DC88-B15D-4FEB-839B-3214A5D3158A}
	EndGlobalSection
EndGlobal
